
Microsoft Visual Studio Solution File, Format Version 12.00
# Visual Studio 15
VisualStudioVersion = 15.0.28307.136
MinimumVisualStudioVersion = 10.0.40219.1
Project("{FAE04EC0-301F-11D3-BF4B-00C04F79EFBC}") = "Sample05", "Sample05\Sample05.csproj", "{35BB98ED-8351-4900-B1C2-BFE3DC9832F6}"
EndProject
Global
	GlobalSection(SolutionConfigurationPlatforms) = preSolution
		Debug|Any CPU = Debug|Any CPU
		Release|Any CPU = Release|Any CPU
	EndGlobalSection
	GlobalSection(ProjectConfigurationPlatforms) = postSolution
		{35BB98ED-8351-4900-B1C2-BFE3DC9832F6}.Debug|Any CPU.ActiveCfg = Debug|Any CPU
		{35BB98ED-8351-4900-B1C2-BFE3DC9832F6}.Debug|Any CPU.Build.0 = Debug|Any CPU
		{35BB98ED-8351-4900-B1C2-BFE3DC9832F6}.Release|Any CPU.ActiveCfg = Release|Any CPU
		{35BB98ED-8351-4900-B1C2-BFE3DC9832F6}.Release|Any CPU.Build.0 = Release|Any CPU
	EndGlobalSection
	GlobalSection(SolutionProperties) = preSolution
		HideSolutionNode = FALSE
	EndGlobalSection
	GlobalSection(ExtensibilityGlobals) = postSolution
		SolutionGuid = {6ADBD598-4DB7-4D97-9A66-9EF16F7EDE40}
	EndGlobalSection
EndGlobal
